
Microsoft Visual Studio Solution File, Format Version 12.00
# Visual Studio Version 16
VisualStudioVersion = 16.0.29519.181
MinimumVisualStudioVersion = 10.0.40219.1
Project("{FAE04EC0-301F-11D3-BF4B-00C04F79EFBC}") = "Weather", "Weather\Weather.csproj", "{DB84E9CE-28D6-472C-BCB4-FE1FBEFCA66A}"
EndProject
Global
	GlobalSection(SolutionConfigurationPlatforms) = preSolution
		Debug|Any CPU = Debug|Any CPU
		Release|Any CPU = Release|Any CPU
	EndGlobalSection
	GlobalSection(ProjectConfigurationPlatforms) = postSolution
		{DB84E9CE-28D6-472C-BCB4-FE1FBEFCA66A}.Debug|Any CPU.ActiveCfg = Debug|Any CPU
		{DB84E9CE-28D6-472C-BCB4-FE1FBEFCA66A}.Debug|Any CPU.Build.0 = Debug|Any CPU
		{DB84E9CE-28D6-472C-BCB4-FE1FBEFCA66A}.Release|Any CPU.ActiveCfg = Release|Any CPU
		{DB84E9CE-28D6-472C-BCB4-FE1FBEFCA66A}.Release|Any CPU.Build.0 = Release|Any CPU
	EndGlobalSection
	GlobalSection(SolutionProperties) = preSolution
		HideSolutionNode = FALSE
	EndGlobalSection
	GlobalSection(ExtensibilityGlobals) = postSolution
		SolutionGuid = {662914E1-DAB0-47AE-9B23-15D5E0CA32C9}
	EndGlobalSection
EndGlobal
